
Microsoft Visual Studio Solution File, Format Version 12.00
Project("{FAE04EC0-301F-11D3-BF4B-00C04F79EFBC}") = "Day1", "Day1\Day1.csproj", "{C1CD2417-5C44-4B90-A009-28789538B2D5}"
EndProject
Project("{FAE04EC0-301F-11D3-BF4B-00C04F79EFBC}") = "Day1.Test", "Day1.Test\Day1.Test.csproj", "{7AC1AD71-F92C-4330-8949-6FAFD401B95E}"
EndProject
Global
	GlobalSection(SolutionConfigurationPlatforms) = preSolution
		Debug|Any CPU = Debug|Any CPU
		Release|Any CPU = Release|Any CPU
	EndGlobalSection
	GlobalSection(ProjectConfigurationPlatforms) = postSolution
		{C1CD2417-5C44-4B90-A009-28789538B2D5}.Debug|Any CPU.ActiveCfg = Debug|Any CPU
		{C1CD2417-5C44-4B90-A009-28789538B2D5}.Debug|Any CPU.Build.0 = Debug|Any CPU
		{C1CD2417-5C44-4B90-A009-28789538B2D5}.Release|Any CPU.ActiveCfg = Release|Any CPU
		{C1CD2417-5C44-4B90-A009-28789538B2D5}.Release|Any CPU.Build.0 = Release|Any CPU
		{7AC1AD71-F92C-4330-8949-6FAFD401B95E}.Debug|Any CPU.ActiveCfg = Debug|Any CPU
		{7AC1AD71-F92C-4330-8949-6FAFD401B95E}.Debug|Any CPU.Build.0 = Debug|Any CPU
		{7AC1AD71-F92C-4330-8949-6FAFD401B95E}.Release|Any CPU.ActiveCfg = Release|Any CPU
		{7AC1AD71-F92C-4330-8949-6FAFD401B95E}.Release|Any CPU.Build.0 = Release|Any CPU
	EndGlobalSection
EndGlobal
